uuid: 99a299cb-6a73-490e-979d-09bd944f4929
langcode: uk
status: true
dependencies:
  module:
    - entity_redirect
third_party_settings:
  entity_redirect:
    redirect:
      anonymous:
        active: false
        destination: default
        url: ''
        external: ''
      add:
        active: false
        destination: default
        url: ''
        external: ''
      edit:
        active: false
        destination: default
        url: ''
        external: ''
      delete:
        active: false
        destination: default
        url: ''
        external: ''
id: text_block
label: 'Text Block'
icon_uuid: null
icon_default: null
description: ''
behavior_plugins: {  }
